
Microsoft Visual Studio Solution File, Format Version 12.00
# Visual Studio Version 16
VisualStudioVersion = 16.0.31624.102
MinimumVisualStudioVersion = 10.0.40219.1
Project("{9A19103F-16F7-4668-BE54-9A1E7A4F7556}") = "E-CommerceOrderModule.Core", "E-CommerceOrderModule.Core\E-CommerceOrderModule.Core.csproj", "{46F3FCC3-2809-41C6-B248-55B573954C86}"
EndProject
Project("{9A19103F-16F7-4668-BE54-9A1E7A4F7556}") = "E-CommerceOrderModule.Repository", "E-CommerceOrderModule.Repository\E-CommerceOrderModule.Repository.csproj", "{4E7E5C71-3C85-4D43-BF0E-FDD3233504AD}"
EndProject
Project("{9A19103F-16F7-4668-BE54-9A1E7A4F7556}") = "E-CommerceOrderModule.Services", "E-CommerceOrderModule.Services\E-CommerceOrderModule.Services.csproj", "{0824A650-06A9-46D2-9989-FCE0AB9196C7}"
EndProject
Project("{9A19103F-16F7-4668-BE54-9A1E7A4F7556}") = "E-CommerceOrderModule.Common", "E-CommerceOrderModule.Common\E-CommerceOrderModule.Common.csproj", "{64EC5207-45AC-4C95-B2DC-40666A3CE17C}"
EndProject
Project("{9A19103F-16F7-4668-BE54-9A1E7A4F7556}") = "E-CommerceOrderModule.Web", "E-CommerceOrderModule.Web\E-CommerceOrderModule.Web.csproj", "{1A100B9E-9621-43F7-A4D2-C61D1842BE16}"
EndProject
Project("{9A19103F-16F7-4668-BE54-9A1E7A4F7556}") = "E-CommerceOrderModule.ConsoleApp", "E-CommerceOrderModule.ConsoleApp\E-CommerceOrderModule.ConsoleApp.csproj", "{A6D1D6C0-1C0C-46FD-AC64-0D4C8BDE9F47}"
EndProject
Project("{9A19103F-16F7-4668-BE54-9A1E7A4F7556}") = "E-CommerceOrderModule.ConsumerWeb", "E-CommerceOrderModule.ConsumerWeb\E-CommerceOrderModule.ConsumerWeb.csproj", "{CD5F57B0-B315-4C14-A7EA-C6589357F273}"
EndProject
Project("{FAE04EC0-301F-11D3-BF4B-00C04F79EFBC}") = "E-CommerceOrderModule.ConsumerWorker", "E-CommerceOrderModule.ConsumerWorker\E-CommerceOrderModule.ConsumerWorker.csproj", "{5C574AFF-F1FD-413B-8B23-DCE329D42EA1}"
EndProject
Global
	GlobalSection(SolutionConfigurationPlatforms) = preSolution
		Debug|Any CPU = Debug|Any CPU
		Release|Any CPU = Release|Any CPU
	EndGlobalSection
	GlobalSection(ProjectConfigurationPlatforms) = postSolution
		{46F3FCC3-2809-41C6-B248-55B573954C86}.Debug|Any CPU.ActiveCfg = Debug|Any CPU
		{46F3FCC3-2809-41C6-B248-55B573954C86}.Debug|Any CPU.Build.0 = Debug|Any CPU
		{46F3FCC3-2809-41C6-B248-55B573954C86}.Release|Any CPU.ActiveCfg = Release|Any CPU
		{46F3FCC3-2809-41C6-B248-55B573954C86}.Release|Any CPU.Build.0 = Release|Any CPU
		{4E7E5C71-3C85-4D43-BF0E-FDD3233504AD}.Debug|Any CPU.ActiveCfg = Debug|Any CPU
		{4E7E5C71-3C85-4D43-BF0E-FDD3233504AD}.Debug|Any CPU.Build.0 = Debug|Any CPU
		{4E7E5C71-3C85-4D43-BF0E-FDD3233504AD}.Release|Any CPU.ActiveCfg = Release|Any CPU
		{4E7E5C71-3C85-4D43-BF0E-FDD3233504AD}.Release|Any CPU.Build.0 = Release|Any CPU
		{0824A650-06A9-46D2-9989-FCE0AB9196C7}.Debug|Any CPU.ActiveCfg = Debug|Any CPU
		{0824A650-06A9-46D2-9989-FCE0AB9196C7}.Debug|Any CPU.Build.0 = Debug|Any CPU
		{0824A650-06A9-46D2-9989-FCE0AB9196C7}.Release|Any CPU.ActiveCfg = Release|Any CPU
		{0824A650-06A9-46D2-9989-FCE0AB9196C7}.Release|Any CPU.Build.0 = Release|Any CPU
		{64EC5207-45AC-4C95-B2DC-40666A3CE17C}.Debug|Any CPU.ActiveCfg = Debug|Any CPU
		{64EC5207-45AC-4C95-B2DC-40666A3CE17C}.Debug|Any CPU.Build.0 = Debug|Any CPU
		{64EC5207-45AC-4C95-B2DC-40666A3CE17C}.Release|Any CPU.ActiveCfg = Release|Any CPU
		{64EC5207-45AC-4C95-B2DC-40666A3CE17C}.Release|Any CPU.Build.0 = Release|Any CPU
		{1A100B9E-9621-43F7-A4D2-C61D1842BE16}.Debug|Any CPU.ActiveCfg = Debug|Any CPU
		{1A100B9E-9621-43F7-A4D2-C61D1842BE16}.Debug|Any CPU.Build.0 = Debug|Any CPU
		{1A100B9E-9621-43F7-A4D2-C61D1842BE16}.Release|Any CPU.ActiveCfg = Release|Any CPU
		{1A100B9E-9621-43F7-A4D2-C61D1842BE16}.Release|Any CPU.Build.0 = Release|Any CPU
		{A6D1D6C0-1C0C-46FD-AC64-0D4C8BDE9F47}.Debug|Any CPU.ActiveCfg = Debug|Any CPU
		{A6D1D6C0-1C0C-46FD-AC64-0D4C8BDE9F47}.Debug|Any CPU.Build.0 = Debug|Any CPU
		{A6D1D6C0-1C0C-46FD-AC64-0D4C8BDE9F47}.Release|Any CPU.ActiveCfg = Release|Any CPU
		{A6D1D6C0-1C0C-46FD-AC64-0D4C8BDE9F47}.Release|Any CPU.Build.0 = Release|Any CPU
		{CD5F57B0-B315-4C14-A7EA-C6589357F273}.Debug|Any CPU.ActiveCfg = Debug|Any CPU
		{CD5F57B0-B315-4C14-A7EA-C6589357F273}.Debug|Any CPU.Build.0 = Debug|Any CPU
		{CD5F57B0-B315-4C14-A7EA-C6589357F273}.Release|Any CPU.ActiveCfg = Release|Any CPU
		{CD5F57B0-B315-4C14-A7EA-C6589357F273}.Release|Any CPU.Build.0 = Release|Any CPU
		{5C574AFF-F1FD-413B-8B23-DCE329D42EA1}.Debug|Any CPU.ActiveCfg = Debug|Any CPU
		{5C574AFF-F1FD-413B-8B23-DCE329D42EA1}.Debug|Any CPU.Build.0 = Debug|Any CPU
		{5C574AFF-F1FD-413B-8B23-DCE329D42EA1}.Release|Any CPU.ActiveCfg = Release|Any CPU
		{5C574AFF-F1FD-413B-8B23-DCE329D42EA1}.Release|Any CPU.Build.0 = Release|Any CPU
	EndGlobalSection
	GlobalSection(SolutionProperties) = preSolution
		HideSolutionNode = FALSE
	EndGlobalSection
	GlobalSection(ExtensibilityGlobals) = postSolution
		SolutionGuid = {3970CABF-FFC6-4826-AE1E-6D018402E34A}
	EndGlobalSection
EndGlobal
